// !$*UTF8*$!
{
	archiveVersion = 1;
	classes = {
	};
	objectVersion = 50;
	objects = {

/* Begin PBXBuildFile section */
		3D27411F28D369AE002C8676 /* AppDelegate.swift in Sources */ = {isa = PBXBuildFile; fileRef = 3D27411E28D369AE002C8676 /* AppDelegate.swift */; };
		3D27412128D369AE002C8676 /* SceneDelegate.swift in Sources */ = {isa = PBXBuildFile; fileRef = 3D27412028D369AE002C8676 /* SceneDelegate.swift */; };
		3D27412328D369AE002C8676 /* ViewController.swift in Sources */ = {isa = PBXBuildFile; fileRef = 3D27412228D369AE002C8676 /* ViewController.swift */; };
		3D27412628D369AF002C8676 /* Main.storyboard in Resources */ = {isa = PBXBuildFile; fileRef = 3D27412428D369AF002C8676 /* Main.storyboard */; };
		3D27412828D369B0002C8676 /* Assets.xcassets in Resources */ = {isa = PBXBuildFile; fileRef = 3D27412728D369B0002C8676 /* Assets.xcassets */; };
		3D27412B28D369B1002C8676 /* LaunchScreen.storyboard in Resources */ = {isa = PBXBuildFile; fileRef = 3D27412928D369B1002C8676 /* LaunchScreen.storyboard */; };
		3D27413628D369B1002C8676 /* navegacionTests.swift in Sources */ = {isa = PBXBuildFile; fileRef = 3D27413528D369B1002C8676 /* navegacionTests.swift */; };
		3D27414128D369B1002C8676 /* navegacionUITests.swift in Sources */ = {isa = PBXBuildFile; fileRef = 3D27414028D369B1002C8676 /* navegacionUITests.swift */; };
/* End PBXBuildFile section */

/* Begin PBXContainerItemProxy section */
		3D27413228D369B1002C8676 /* PBXContainerItemProxy */ = {
			isa = PBXContainerItemProxy;
			containerPortal = 3D27411328D369AE002C8676 /* Project object */;
			proxyType = 1;
			remoteGlobalIDString = 3D27411A28D369AE002C8676;
			remoteInfo = navegacion;
		};
		3D27413D28D369B1002C8676 /* PBXContainerItemProxy */ = {
			isa = PBXContainerItemProxy;
			containerPortal = 3D27411328D369AE002C8676 /* Project object */;
			proxyType = 1;
			remoteGlobalIDString = 3D27411A28D369AE002C8676;
			remoteInfo = navegacion;
		};
/* End PBXContainerItemProxy section */

/* Begin PBXFileReference section */
		3D27411B28D369AE002C8676 /* navegacion.app */ = {isa = PBXFileReference; explicitFileType = wrapper.application; includeInIndex = 0; path = navegacion.app; sourceTree = BUILT_PRODUCTS_DIR; };
		3D27411E28D369AE002C8676 /* AppDelegate.swift */ = {isa = PBXFileReference; lastKnownFileType = sourcecode.swift; path = AppDelegate.swift; sourceTree = "<group>"; };
		3D27412028D369AE002C8676 /* SceneDelegate.swift */ = {isa = PBXFileReference; lastKnownFileType = sourcecode.swift; path = SceneDelegate.swift; sourceTree = "<group>"; };
		3D27412228D369AE002C8676 /* ViewController.swift */ = {isa = PBXFileReference; lastKnownFileType = sourcecode.swift; path = ViewController.swift; sourceTree = "<group>"; };
		3D27412528D369AF002C8676 /* Base */ = {isa = PBXFileReference; lastKnownFileType = file.storyboard; name = Base; path = Base.lproj/Main.storyboard; sourceTree = "<group>"; };
		3D27412728D369B0002C8676 /* Assets.xcassets */ = {isa = PBXFileReference; lastKnownFileType = folder.assetcatalog; path = Assets.xcassets; sourceTree = "<group>"; };
		3D27412A28D369B1002C8676 /* Base */ = {isa = PBXFileReference; lastKnownFileType = file.storyboard; name = Base; path = Base.lproj/LaunchScreen.storyboard; sourceTree = "<group>"; };
		3D27412C28D369B1002C8676 /* Info.plist */ = {isa = PBXFileReference; lastKnownFileType = text.plist.xml; path = Info.plist; sourceTree = "<group>"; };
		3D27413128D369B1002C8676 /* navegacionTests.xctest */ = {isa = PBXFileReference; explicitFileType = wrapper.cfbundle; includeInIndex = 0; path = navegacionTests.xctest; sourceTree = BUILT_PRODUCTS_DIR; };
		3D27413528D369B1002C8676 /* navegacionTests.swift */ = {isa = PBXFileReference; lastKnownFileType = sourcecode.swift; path = navegacionTests.swift; sourceTree = "<group>"; };
		3D27413728D369B1002C8676 /* Info.plist */ = {isa = PBXFileReference; lastKnownFileType = text.plist.xml; path = Info.plist; sourceTree = "<group>"; };
		3D27413C28D369B1002C8676 /* navegacionUITests.xctest */ = {isa = PBXFileReference; explicitFileType = wrapper.cfbundle; includeInIndex = 0; path = navegacionUITests.xctest; sourceTree = BUILT_PRODUCTS_DIR; };
		3D27414028D369B1002C8676 /* navegacionUITests.swift */ = {isa = PBXFileReference; lastKnownFileType = sourcecode.swift; path = navegacionUITests.swift; sourceTree = "<group>"; };
		3D27414228D369B1002C8676 /* Info.plist */ = {isa = PBXFileReference; lastKnownFileType = text.plist.xml; path = Info.plist; sourceTree = "<group>"; };
/* End PBXFileReference section */

/* Begin PBXFrameworksBuildPhase section */
		3D27411828D369AE002C8676 /* Frameworks */ = {
			isa = PBXFrameworksBuildPhase;
			buildActionMask = 2147483647;
			files = (
			);
			runOnlyForDeploymentPostprocessing = 0;
		};
		3D27412E28D369B1002C8676 /* Frameworks */ = {
			isa = PBXFrameworksBuildPhase;
			buildActionMask = 2147483647;
			files = (
			);
			runOnlyForDeploymentPostprocessing = 0;
		};
		3D27413928D369B1002C8676 /* Frameworks */ = {
			isa = PBXFrameworksBuildPhase;
			buildActionMask = 2147483647;
			files = (
			);
			runOnlyForDeploymentPostprocessing = 0;
		};
/* End PBXFrameworksBuildPhase section */

/* Begin PBXGroup section */
		3D27411228D369AE002C8676 = {
			isa = PBXGroup;
			children = (
				3D27411D28D369AE002C8676 /* navegacion */,
				3D27413428D369B1002C8676 /* navegacionTests */,
				3D27413F28D369B1002C8676 /* navegacionUITests */,
				3D27411C28D369AE002C8676 /* Products */,
			);
			sourceTree = "<group>";
		};
		3D27411C28D369AE002C8676 /* Products */ = {
			isa = PBXGroup;
			children = (
				3D27411B28D369AE002C8676 /* navegacion.app */,
				3D27413128D369B1002C8676 /* navegacionTests.xctest */,
				3D27413C28D369B1002C8676 /* navegacionUITests.xctest */,
			);
			name = Products;
			sourceTree = "<group>";
		};
		3D27411D28D369AE002C8676 /* navegacion */ = {
			isa = PBXGroup;
			children = (
				3D27411E28D369AE002C8676 /* AppDelegate.swift */,
				3D27412028D369AE002C8676 /* SceneDelegate.swift */,
				3D27412228D369AE002C8676 /* ViewController.swift */,
				3D27412428D369AF002C8676 /* Main.storyboard */,
				3D27412728D369B0002C8676 /* Assets.xcassets */,
				3D27412928D369B1002C8676 /* LaunchScreen.storyboard */,
				3D27412C28D369B1002C8676 /* Info.plist */,
			);
			path = navegacion;
			sourceTree = "<group>";
		};
		3D27413428D369B1002C8676 /* navegacionTests */ = {
			isa = PBXGroup;
			children = (
				3D27413528D369B1002C8676 /* navegacionTests.swift */,
				3D27413728D369B1002C8676 /* Info.plist */,
			);
			path = navegacionTests;
			sourceTree = "<group>";
		};
		3D27413F28D369B1002C8676 /* navegacionUITests */ = {
			isa = PBXGroup;
			children = (
				3D27414028D369B1002C8676 /* navegacionUITests.swift */,
				3D27414228D369B1002C8676 /* Info.plist */,
			);
			path = navegacionUITests;
			sourceTree = "<group>";
		};
/* End PBXGroup section */

/* Begin PBXNativeTarget section */
		3D27411A28D369AE002C8676 /* navegacion */ = {
			isa = PBXNativeTarget;
			buildConfigurationList = 3D27414528D369B1002C8676 /* Build configuration list for PBXNativeTarget "navegacion" */;
			buildPhases = (
				3D27411728D369AE002C8676 /* Sources */,
				3D27411828D369AE002C8676 /* Frameworks */,
				3D27411928D369AE002C8676 /* Resources */,
			);
			buildRules = (
			);
			dependencies = (
			);
			name = navegacion;
			productName = navegacion;
			productReference = 3D27411B28D369AE002C8676 /* navegacion.app */;
			productType = "com.apple.product-type.application";
		};
		3D27413028D369B1002C8676 /* navegacionTests */ = {
			isa = PBXNativeTarget;
			buildConfigurationList = 3D27414828D369B1002C8676 /* Build configuration list for PBXNativeTarget "navegacionTests" */;
			buildPhases = (
				3D27412D28D369B1002C8676 /* Sources */,
				3D27412E28D369B1002C8676 /* Frameworks */,
				3D27412F28D369B1002C8676 /* Resources */,
			);
			buildRules = (
			);
			dependencies = (
				3D27413328D369B1002C8676 /* PBXTargetDependency */,
			);
			name = navegacionTests;
			productName = navegacionTests;
			productReference = 3D27413128D369B1002C8676 /* navegacionTests.xctest */;
			productType = "com.apple.product-type.bundle.unit-test";
		};
		3D27413B28D369B1002C8676 /* navegacionUITests */ = {
			isa = PBXNativeTarget;
			buildConfigurationList = 3D27414B28D369B1002C8676 /* Build configuration list for PBXNativeTarget "navegacionUITests" */;
			buildPhases = (
				3D27413828D369B1002C8676 /* Sources */,
				3D27413928D369B1002C8676 /* Frameworks */,
				3D27413A28D369B1002C8676 /* Resources */,
			);
			buildRules = (
			);
			dependencies = (
				3D27413E28D369B1002C8676 /* PBXTargetDependency */,
			);
			name = navegacionUITests;
			productName = navegacionUITests;
			productReference = 3D27413C28D369B1002C8676 /* navegacionUITests.xctest */;
			productType = "com.apple.product-type.bundle.ui-testing";
		};
/* End PBXNativeTarget section */

/* Begin PBXProject section */
		3D27411328D369AE002C8676 /* Project object */ = {
			isa = PBXProject;
			attributes = {
				LastSwiftUpdateCheck = 1130;
				LastUpgradeCheck = 1130;
				ORGANIZATIONNAME = Alumno;
				TargetAttributes = {
					3D27411A28D369AE002C8676 = {
						CreatedOnToolsVersion = 11.3.1;
					};
					3D27413028D369B1002C8676 = {
						CreatedOnToolsVersion = 11.3.1;
						TestTargetID = 3D27411A28D369AE002C8676;
					};
					3D27413B28D369B1002C8676 = {
						CreatedOnToolsVersion = 11.3.1;
						TestTargetID = 3D27411A28D369AE002C8676;
					};
				};
			};
			buildConfigurationList = 3D27411628D369AE002C8676 /* Build configuration list for PBXProject "navegacion" */;
			compatibilityVersion = "Xcode 9.3";
			developmentRegion = en;
			hasScannedForEncodings = 0;
			knownRegions = (
				en,
				Base,
			);
			mainGroup = 3D27411228D369AE002C8676;
			productRefGroup = 3D27411C28D369AE002C8676 /* Products */;
			projectDirPath = "";
			projectRoot = "";
			targets = (
				3D27411A28D369AE002C8676 /* navegacion */,
				3D27413028D369B1002C8676 /* navegacionTests */,
				3D27413B28D369B1002C8676 /* navegacionUITests */,
			);
		};
/* End PBXProject section */

/* Begin PBXResourcesBuildPhase section */
		3D27411928D369AE002C8676 /* Resources */ = {
			isa = PBXResourcesBuildPhase;
			buildActionMask = 2147483647;
			files = (
				3D27412B28D369B1002C8676 /* LaunchScreen.storyboard in Resources */,
				3D27412828D369B0002C8676 /* Assets.xcassets in Resources */,
				3D27412628D369AF002C8676 /* Main.storyboard in Resources */,
			);
			runOnlyForDeploymentPostprocessing = 0;
		};
		3D27412F28D369B1002C8676 /* Resources */ = {
			isa = PBXResourcesBuildPhase;
			buildActionMask = 2147483647;
			files = (
			);
			runOnlyForDeploymentPostprocessing = 0;
		};
		3D27413A28D369B1002C8676 /* Resources */ = {
			isa = PBXResourcesBuildPhase;
			buildActionMask = 2147483647;
			files = (
			);
			runOnlyForDeploymentPostprocessing = 0;
		};
/* End PBXResourcesBuildPhase section */

/* Begin PBXSourcesBuildPhase section */
		3D27411728D369AE002C8676 /* Sources */ = {
			isa = PBXSourcesBuildPhase;
			buildActionMask = 2147483647;
			files = (
				3D27412328D369AE002C8676 /* ViewController.swift in Sources */,
				3D27411F28D369AE002C8676 /* AppDelegate.swift in Sources */,
				3D27412128D369AE002C8676 /* SceneDelegate.swift in Sources */,
			);
			runOnlyForDeploymentPostprocessing = 0;
		};
		3D27412D28D369B1002C8676 /* Sources */ = {
			isa = PBXSourcesBuildPhase;
			buildActionMask = 2147483647;
			files = (
				3D27413628D369B1002C8676 /* navegacionTests.swift in Sources */,
			);
			runOnlyForDeploymentPostprocessing = 0;
		};
		3D27413828D369B1002C8676 /* Sources */ = {
			isa = PBXSourcesBuildPhase;
			buildActionMask = 2147483647;
			files = (
				3D27414128D369B1002C8676 /* navegacionUITests.swift in Sources */,
			);
			runOnlyForDeploymentPostprocessing = 0;
		};
/* End PBXSourcesBuildPhase section */

/* Begin PBXTargetDependency section */
		3D27413328D369B1002C8676 /* PBXTargetDependency */ = {
			isa = PBXTargetDependency;
			target = 3D27411A28D369AE002C8676 /* navegacion */;
			targetProxy = 3D27413228D369B1002C8676 /* PBXContainerItemProxy */;
		};
		3D27413E28D369B1002C8676 /* PBXTargetDependency */ = {
			isa = PBXTargetDependency;
			target = 3D27411A28D369AE002C8676 /* navegacion */;
			targetProxy = 3D27413D28D369B1002C8676 /* PBXContainerItemProxy */;
		};
/* End PBXTargetDependency section */

/* Begin PBXVariantGroup section */
		3D27412428D369AF002C8676 /* Main.storyboard */ = {
			isa = PBXVariantGroup;
			children = (
				3D27412528D369AF002C8676 /* Base */,
			);
			name = Main.storyboard;
			sourceTree = "<group>";
		};
		3D27412928D369B1002C8676 /* LaunchScreen.storyboard */ = {
			isa = PBXVariantGroup;
			children = (
				3D27412A28D369B1002C8676 /* Base */,
			);
			name = LaunchScreen.storyboard;
			sourceTree = "<group>";
		};
/* End PBXVariantGroup section */

/* Begin XCBuildConfiguration section */
		3D27414328D369B1002C8676 /* Debug */ = {
			isa = XCBuildConfiguration;
			buildSettings = {
				ALWAYS_SEARCH_USER_PATHS = NO;
				CLANG_ANALYZER_NONNULL = YES;
				CLANG_ANALYZER_NUMBER_OBJECT_CONVERSION = YES_AGGRESSIVE;
				CLANG_CXX_LANGUAGE_STANDARD = "gnu++14";
				CLANG_CXX_LIBRARY = "libc++";
				CLANG_ENABLE_MODULES = YES;
				CLANG_ENABLE_OBJC_ARC = YES;
				CLANG_ENABLE_OBJC_WEAK = YES;
				CLANG_WARN_BLOCK_CAPTURE_AUTORELEASING = YES;
				CLANG_WARN_BOOL_CONVERSION = YES;
				CLANG_WARN_COMMA = YES;
				CLANG_WARN_CONSTANT_CONVERSION = YES;
				CLANG_WARN_DEPRECATED_OBJC_IMPLEMENTATIONS = YES;
				CLANG_WARN_DIRECT_OBJC_ISA_USAGE = YES_ERROR;
				CLANG_WARN_DOCUMENTATION_COMMENTS = YES;
				CLANG_WARN_EMPTY_BODY = YES;
				CLANG_WARN_ENUM_CONVERSION = YES;
				CLANG_WARN_INFINITE_RECURSION = YES;
				CLANG_WARN_INT_CONVERSION = YES;
				CLANG_WARN_NON_LITERAL_NULL_CONVERSION = YES;
				CLANG_WARN_OBJC_IMPLICIT_RETAIN_SELF = YES;
				CLANG_WARN_OBJC_LITERAL_CONVERSION = YES;
				CLANG_WARN_OBJC_ROOT_CLASS = YES_ERROR;
				CLANG_WARN_RANGE_LOOP_ANALYSIS = YES;
				CLANG_WARN_STRICT_PROTOTYPES = YES;
				CLANG_WARN_SUSPICIOUS_MOVE = YES;
				CLANG_WARN_UNGUARDED_AVAILABILITY = YES_AGGRESSIVE;
				CLANG_WARN_UNREACHABLE_CODE = YES;
				CLANG_WARN__DUPLICATE_METHOD_MATCH = YES;
				COPY_PHASE_STRIP = NO;
				DEBUG_INFORMATION_FORMAT = dwarf;
				ENABLE_STRICT_OBJC_MSGSEND = YES;
				ENABLE_TESTABILITY = YES;
				GCC_C_LANGUAGE_STANDARD = gnu11;
				GCC_DYNAMIC_NO_PIC = NO;
				GCC_NO_COMMON_BLOCKS = YES;
				GCC_OPTIMIZATION_LEVEL = 0;
				GCC_PREPROCESSOR_DEFINITIONS = (
					"DEBUG=1",
					"$(inherited)",
				);
				GCC_WARN_64_TO_32_BIT_CONVERSION = YES;
				GCC_WARN_ABOUT_RETURN_TYPE = YES_ERROR;
				GCC_WARN_UNDECLARED_SELECTOR = YES;
				GCC_WARN_UNINITIALIZED_AUTOS = YES_AGGRESSIVE;
				GCC_WARN_UNUSED_FUNCTION = YES;
				GCC_WARN_UNUSED_VARIABLE = YES;
				IPHONEOS_DEPLOYMENT_TARGET = 13.2;
				MTL_ENABLE_DEBUG_INFO = INCLUDE_SOURCE;
				MTL_FAST_MATH = YES;
				ONLY_ACTIVE_ARCH = YES;
				SDKROOT = iphoneos;
				SWIFT_ACTIVE_COMPILATION_CONDITIONS = DEBUG;
				SWIFT_OPTIMIZATION_LEVEL = "-Onone";
			};
			name = Debug;
		};
		3D27414428D369B1002C8676 /* Release */ = {
			isa = XCBuildConfiguration;
			buildSettings = {
				ALWAYS_SEARCH_USER_PATHS = NO;
				CLANG_ANALYZER_NONNULL = YES;
				CLANG_ANALYZER_NUMBER_OBJECT_CONVERSION = YES_AGGRESSIVE;
				CLANG_CXX_LANGUAGE_STANDARD = "gnu++14";
				CLANG_CXX_LIBRARY = "libc++";
				CLANG_ENABLE_MODULES = YES;
				CLANG_ENABLE_OBJC_ARC = YES;
				CLANG_ENABLE_OBJC_WEAK = YES;
				CLANG_WARN_BLOCK_CAPTURE_AUTORELEASING = YES;
				CLANG_WARN_BOOL_CONVERSION = YES;
				CLANG_WARN_COMMA = YES;
				CLANG_WARN_CONSTANT_CONVERSION = YES;
				CLANG_WARN_DEPRECATED_OBJC_IMPLEMENTATIONS = YES;
				CLANG_WARN_DIRECT_OBJC_ISA_USAGE = YES_ERROR;
				CLANG_WARN_DOCUMENTATION_COMMENTS = YES;
				CLANG_WARN_EMPTY_BODY = YES;
				CLANG_WARN_ENUM_CONVERSION = YES;
				CLANG_WARN_INFINITE_RECURSION = YES;
				CLANG_WARN_INT_CONVERSION = YES;
				CLANG_WARN_NON_LITERAL_NULL_CONVERSION = YES;
				CLANG_WARN_OBJC_IMPLICIT_RETAIN_SELF = YES;
				CLANG_WARN_OBJC_LITERAL_CONVERSION = YES;
				CLANG_WARN_OBJC_ROOT_CLASS = YES_ERROR;
				CLANG_WARN_RANGE_LOOP_ANALYSIS = YES;
				CLANG_WARN_STRICT_PROTOTYPES = YES;
				CLANG_WARN_SUSPICIOUS_MOVE = YES;
				CLANG_WARN_UNGUARDED_AVAILABILITY = YES_AGGRESSIVE;
				CLANG_WARN_UNREACHABLE_CODE = YES;
				CLANG_WARN__DUPLICATE_METHOD_MATCH = YES;
				COPY_PHASE_STRIP = NO;
				DEBUG_INFORMATION_FORMAT = "dwarf-with-dsym";
				ENABLE_NS_ASSERTIONS = NO;
				ENABLE_STRICT_OBJC_MSGSEND = YES;
				GCC_C_LANGUAGE_STANDARD = gnu11;
				GCC_NO_COMMON_BLOCKS = YES;
				GCC_WARN_64_TO_32_BIT_CONVERSION = YES;
				GCC_WARN_ABOUT_RETURN_TYPE = YES_ERROR;
				GCC_WARN_UNDECLARED_SELECTOR = YES;
				GCC_WARN_UNINITIALIZED_AUTOS = YES_AGGRESSIVE;
				GCC_WARN_UNUSED_FUNCTION = YES;
				GCC_WARN_UNUSED_VARIABLE = YES;
				IPHONEOS_DEPLOYMENT_TARGET = 13.2;
				MTL_ENABLE_DEBUG_INFO = NO;
				MTL_FAST_MATH = YES;
				SDKROOT = iphoneos;
				SWIFT_COMPILATION_MODE = wholemodule;
				SWIFT_OPTIMIZATION_LEVEL = "-O";
				VALIDATE_PRODUCT = YES;
			};
			name = Release;
		};
		3D27414628D369B1002C8676 /* Debug */ = {
			isa = XCBuildConfiguration;
			buildSettings = {
				ASSETCATALOG_COMPILER_APPICON_NAME = AppIcon;
				CODE_SIGN_STYLE = Automatic;
				INFOPLIST_FILE = navegacion/Info.plist;
				LD_RUNPATH_SEARCH_PATHS = (
					"$(inherited)",
					"@executable_path/Frameworks",
				);
				PRODUCT_BUNDLE_IDENTIFIER = edu.ulsa.navegacion;
				PRODUCT_NAME = "$(TARGET_NAME)";
				SWIFT_VERSION = 5.0;
				TARGETED_DEVICE_FAMILY = "1,2";
			};
			name = Debug;
		};
		3D27414728D369B1002C8676 /* Release */ = {
			isa = XCBuildConfiguration;
			buildSettings = {
				ASSETCATALOG_COMPILER_APPICON_NAME = AppIcon;
				CODE_SIGN_STYLE = Automatic;
				INFOPLIST_FILE = navegacion/Info.plist;
				LD_RUNPATH_SEARCH_PATHS = (
					"$(inherited)",
					"@executable_path/Frameworks",
				);
				PRODUCT_BUNDLE_IDENTIFIER = edu.ulsa.navegacion;
				PRODUCT_NAME = "$(TARGET_NAME)";
				SWIFT_VERSION = 5.0;
				TARGETED_DEVICE_FAMILY = "1,2";
			};
			name = Release;
		};
		3D27414928D369B1002C8676 /* Debug */ = {
			isa = XCBuildConfiguration;
			buildSettings = {
				ALWAYS_EMBED_SWIFT_STANDARD_LIBRARIES = YES;
				BUNDLE_LOADER = "$(TEST_HOST)";
				CODE_SIGN_STYLE = Automatic;
				INFOPLIST_FILE = navegacionTests/Info.plist;
				IPHONEOS_DEPLOYMENT_TARGET = 13.2;
				LD_RUNPATH_SEARCH_PATHS = (
					"$(inherited)",
					"@executable_path/Frameworks",
					"@loader_path/Frameworks",
				);
				PRODUCT_BUNDLE_IDENTIFIER = edu.ulsa.navegacionTests;
				PRODUCT_NAME = "$(TARGET_NAME)";
				SWIFT_VERSION = 5.0;
				TARGETED_DEVICE_FAMILY = "1,2";
				TEST_HOST = "$(BUILT_PRODUCTS_DIR)/navegacion.app/navegacion";
			};
			name = Debug;
		};
		3D27414A28D369B1002C8676 /* Release */ = {
			isa = XCBuildConfiguration;
			buildSettings = {
				ALWAYS_EMBED_SWIFT_STANDARD_LIBRARIES = YES;
				BUNDLE_LOADER = "$(TEST_HOST)";
				CODE_SIGN_STYLE = Automatic;
				INFOPLIST_FILE = navegacionTests/Info.plist;
				IPHONEOS_DEPLOYMENT_TARGET = 13.2;
				LD_RUNPATH_SEARCH_PATHS = (
					"$(inherited)",
					"@executable_path/Frameworks",
					"@loader_path/Frameworks",
				);
				PRODUCT_BUNDLE_IDENTIFIER = edu.ulsa.navegacionTests;
				PRODUCT_NAME = "$(TARGET_NAME)";
				SWIFT_VERSION = 5.0;
				TARGETED_DEVICE_FAMILY = "1,2";
				TEST_HOST = "$(BUILT_PRODUCTS_DIR)/navegacion.app/navegacion";
			};
			name = Release;
		};
		3D27414C28D369B1002C8676 /* Debug */ = {
			isa = XCBuildConfiguration;
			buildSettings = {
				ALWAYS_EMBED_SWIFT_STANDARD_LIBRARIES = YES;
				CODE_SIGN_STYLE = Automatic;
				INFOPLIST_FILE = navegacionUITests/Info.plist;
				LD_RUNPATH_SEARCH_PATHS = (
					"$(inherited)",
					"@executable_path/Frameworks",
					"@loader_path/Frameworks",
				);
				PRODUCT_BUNDLE_IDENTIFIER = edu.ulsa.navegacionUITests;
				PRODUCT_NAME = "$(TARGET_NAME)";
				SWIFT_VERSION = 5.0;
				TARGETED_DEVICE_FAMILY = "1,2";
				TEST_TARGET_NAME = navegacion;
			};
			name = Debug;
		};
		3D27414D28D369B1002C8676 /* Release */ = {
			isa = XCBuildConfiguration;
			buildSettings = {
				ALWAYS_EMBED_SWIFT_STANDARD_LIBRARIES = YES;
				CODE_SIGN_STYLE = Automatic;
				INFOPLIST_FILE = navegacionUITests/Info.plist;
				LD_RUNPATH_SEARCH_PATHS = (
					"$(inherited)",
					"@executable_path/Frameworks",
					"@loader_path/Frameworks",
				);
				PRODUCT_BUNDLE_IDENTIFIER = edu.ulsa.navegacionUITests;
				PRODUCT_NAME = "$(TARGET_NAME)";
				SWIFT_VERSION = 5.0;
				TARGETED_DEVICE_FAMILY = "1,2";
				TEST_TARGET_NAME = navegacion;
			};
			name = Release;
		};
/* End XCBuildConfiguration section */

/* Begin XCConfigurationList section */
		3D27411628D369AE002C8676 /* Build configuration list for PBXProject "navegacion" */ = {
			isa = XCConfigurationList;
			buildConfigurations = (
				3D27414328D369B1002C8676 /* Debug */,
				3D27414428D369B1002C8676 /* Release */,
			);
			defaultConfigurationIsVisible = 0;
			defaultConfigurationName = Release;
		};
		3D27414528D369B1002C8676 /* Build configuration list for PBXNativeTarget "navegacion" */ = {
			isa = XCConfigurationList;
			buildConfigurations = (
				3D27414628D369B1002C8676 /* Debug */,
				3D27414728D369B1002C8676 /* Release */,
			);
			defaultConfigurationIsVisible = 0;
			defaultConfigurationName = Release;
		};
		3D27414828D369B1002C8676 /* Build configuration list for PBXNativeTarget "navegacionTests" */ = {
			isa = XCConfigurationList;
			buildConfigurations = (
				3D27414928D369B1002C8676 /* Debug */,
				3D27414A28D369B1002C8676 /* Release */,
			);
			defaultConfigurationIsVisible = 0;
			defaultConfigurationName = Release;
		};
		3D27414B28D369B1002C8676 /* Build configuration list for PBXNativeTarget "navegacionUITests" */ = {
			isa = XCConfigurationList;
			buildConfigurations = (
				3D27414C28D369B1002C8676 /* Debug */,
				3D27414D28D369B1002C8676 /* Release */,
			);
			defaultConfigurationIsVisible = 0;
			defaultConfigurationName = Release;
		};
/* End XCConfigurationList section */
	};
	rootObject = 3D27411328D369AE002C8676 /* Project object */;
}
